// !$*UTF8*$!
{
	archiveVersion = 1;
	classes = {
	};
	objectVersion = 46;
	objects = {

/* Begin PBXBuildFile section */
		2E2F3DDF1EB9EB26005A43C0 /* AppDelegate.swift in Sources */ = {isa = PBXBuildFile; fileRef = 2E2F3DDE1EB9EB26005A43C0 /* AppDelegate.swift */; };
		2E2F3DE11EB9EB26005A43C0 /* ViewController.swift in Sources */ = {isa = PBXBuildFile; fileRef = 2E2F3DE01EB9EB26005A43C0 /* ViewController.swift */; };
		2E2F3DE41EB9EB26005A43C0 /* Main.storyboard in Resources */ = {isa = PBXBuildFile; fileRef = 2E2F3DE21EB9EB26005A43C0 /* Main.storyboard */; };
		2E2F3DE61EB9EB26005A43C0 /* Assets.xcassets in Resources */ = {isa = PBXBuildFile; fileRef = 2E2F3DE51EB9EB26005A43C0 /* Assets.xcassets */; };
		2E2F3DE91EB9EB26005A43C0 /* LaunchScreen.storyboard in Resources */ = {isa = PBXBuildFile; fileRef = 2E2F3DE71EB9EB26005A43C0 /* LaunchScreen.storyboard */; };
		2E2F3DF41EB9EB26005A43C0 /* ManagerEventCollectionView_Kiet_13110085Tests.swift in Sources */ = {isa = PBXBuildFile; fileRef = 2E2F3DF31EB9EB26005A43C0 /* ManagerEventCollectionView_Kiet_13110085Tests.swift */; };
		2E2F3DFF1EB9EB26005A43C0 /* ManagerEventCollectionView_Kiet_13110085UITests.swift in Sources */ = {isa = PBXBuildFile; fileRef = 2E2F3DFE1EB9EB26005A43C0 /* ManagerEventCollectionView_Kiet_13110085UITests.swift */; };
/* End PBXBuildFile section */

/* Begin PBXContainerItemProxy section */
		2E2F3DF01EB9EB26005A43C0 /* PBXContainerItemProxy */ = {
			isa = PBXContainerItemProxy;
			containerPortal = 2E2F3DD31EB9EB26005A43C0 /* Project object */;
			proxyType = 1;
			remoteGlobalIDString = 2E2F3DDA1EB9EB26005A43C0;
			remoteInfo = ManagerEventCollectionView_Kiet_13110085;
		};
		2E2F3DFB1EB9EB26005A43C0 /* PBXContainerItemProxy */ = {
			isa = PBXContainerItemProxy;
			containerPortal = 2E2F3DD31EB9EB26005A43C0 /* Project object */;
			proxyType = 1;
			remoteGlobalIDString = 2E2F3DDA1EB9EB26005A43C0;
			remoteInfo = ManagerEventCollectionView_Kiet_13110085;
		};
/* End PBXContainerItemProxy section */

/* Begin PBXFileReference section */
		2E2F3DDB1EB9EB26005A43C0 /* ManagerEventCollectionView_Kiet_13110085.app */ = {isa = PBXFileReference; explicitFileType = wrapper.application; includeInIndex = 0; path = ManagerEventCollectionView_Kiet_13110085.app; sourceTree = BUILT_PRODUCTS_DIR; };
		2E2F3DDE1EB9EB26005A43C0 /* AppDelegate.swift */ = {isa = PBXFileReference; lastKnownFileType = sourcecode.swift; path = AppDelegate.swift; sourceTree = "<group>"; };
		2E2F3DE01EB9EB26005A43C0 /* ViewController.swift */ = {isa = PBXFileReference; lastKnownFileType = sourcecode.swift; path = ViewController.swift; sourceTree = "<group>"; };
		2E2F3DE31EB9EB26005A43C0 /* Base */ = {isa = PBXFileReference; lastKnownFileType = file.storyboard; name = Base; path = Base.lproj/Main.storyboard; sourceTree = "<group>"; };
		2E2F3DE51EB9EB26005A43C0 /* Assets.xcassets */ = {isa = PBXFileReference; lastKnownFileType = folder.assetcatalog; path = Assets.xcassets; sourceTree = "<group>"; };
		2E2F3DE81EB9EB26005A43C0 /* Base */ = {isa = PBXFileReference; lastKnownFileType = file.storyboard; name = Base; path = Base.lproj/LaunchScreen.storyboard; sourceTree = "<group>"; };
		2E2F3DEA1EB9EB26005A43C0 /* Info.plist */ = {isa = PBXFileReference; lastKnownFileType = text.plist.xml; path = Info.plist; sourceTree = "<group>"; };
		2E2F3DEF1EB9EB26005A43C0 /* ManagerEventCollectionView_Kiet_13110085Tests.xctest */ = {isa = PBXFileReference; explicitFileType = wrapper.cfbundle; includeInIndex = 0; path = ManagerEventCollectionView_Kiet_13110085Tests.xctest; sourceTree = BUILT_PRODUCTS_DIR; };
		2E2F3DF31EB9EB26005A43C0 /* ManagerEventCollectionView_Kiet_13110085Tests.swift */ = {isa = PBXFileReference; lastKnownFileType = sourcecode.swift; path = ManagerEventCollectionView_Kiet_13110085Tests.swift; sourceTree = "<group>"; };
		2E2F3DF51EB9EB26005A43C0 /* Info.plist */ = {isa = PBXFileReference; lastKnownFileType = text.plist.xml; path = Info.plist; sourceTree = "<group>"; };
		2E2F3DFA1EB9EB26005A43C0 /* ManagerEventCollectionView_Kiet_13110085UITests.xctest */ = {isa = PBXFileReference; explicitFileType = wrapper.cfbundle; includeInIndex = 0; path = ManagerEventCollectionView_Kiet_13110085UITests.xctest; sourceTree = BUILT_PRODUCTS_DIR; };
		2E2F3DFE1EB9EB26005A43C0 /* ManagerEventCollectionView_Kiet_13110085UITests.swift */ = {isa = PBXFileReference; lastKnownFileType = sourcecode.swift; path = ManagerEventCollectionView_Kiet_13110085UITests.swift; sourceTree = "<group>"; };
		2E2F3E001EB9EB26005A43C0 /* Info.plist */ = {isa = PBXFileReference; lastKnownFileType = text.plist.xml; path = Info.plist; sourceTree = "<group>"; };
/* End PBXFileReference section */

/* Begin PBXFrameworksBuildPhase section */
		2E2F3DD81EB9EB26005A43C0 /* Frameworks */ = {
			isa = PBXFrameworksBuildPhase;
			buildActionMask = 2147483647;
			files = (
			);
			runOnlyForDeploymentPostprocessing = 0;
		};
		2E2F3DEC1EB9EB26005A43C0 /* Frameworks */ = {
			isa = PBXFrameworksBuildPhase;
			buildActionMask = 2147483647;
			files = (
			);
			runOnlyForDeploymentPostprocessing = 0;
		};
		2E2F3DF71EB9EB26005A43C0 /* Frameworks */ = {
			isa = PBXFrameworksBuildPhase;
			buildActionMask = 2147483647;
			files = (
			);
			runOnlyForDeploymentPostprocessing = 0;
		};
/* End PBXFrameworksBuildPhase section */

/* Begin PBXGroup section */
		2E2F3DD21EB9EB26005A43C0 = {
			isa = PBXGroup;
			children = (
				2E2F3DDD1EB9EB26005A43C0 /* ManagerEventCollectionView_Kiet_13110085 */,
				2E2F3DF21EB9EB26005A43C0 /* ManagerEventCollectionView_Kiet_13110085Tests */,
				2E2F3DFD1EB9EB26005A43C0 /* ManagerEventCollectionView_Kiet_13110085UITests */,
				2E2F3DDC1EB9EB26005A43C0 /* Products */,
			);
			sourceTree = "<group>";
		};
		2E2F3DDC1EB9EB26005A43C0 /* Products */ = {
			isa = PBXGroup;
			children = (
				2E2F3DDB1EB9EB26005A43C0 /* ManagerEventCollectionView_Kiet_13110085.app */,
				2E2F3DEF1EB9EB26005A43C0 /* ManagerEventCollectionView_Kiet_13110085Tests.xctest */,
				2E2F3DFA1EB9EB26005A43C0 /* ManagerEventCollectionView_Kiet_13110085UITests.xctest */,
			);
			name = Products;
			sourceTree = "<group>";
		};
		2E2F3DDD1EB9EB26005A43C0 /* ManagerEventCollectionView_Kiet_13110085 */ = {
			isa = PBXGroup;
			children = (
				2E2F3DDE1EB9EB26005A43C0 /* AppDelegate.swift */,
				2E2F3DE01EB9EB26005A43C0 /* ViewController.swift */,
				2E2F3DE21EB9EB26005A43C0 /* Main.storyboard */,
				2E2F3DE51EB9EB26005A43C0 /* Assets.xcassets */,
				2E2F3DE71EB9EB26005A43C0 /* LaunchScreen.storyboard */,
				2E2F3DEA1EB9EB26005A43C0 /* Info.plist */,
			);
			path = ManagerEventCollectionView_Kiet_13110085;
			sourceTree = "<group>";
		};
		2E2F3DF21EB9EB26005A43C0 /* ManagerEventCollectionView_Kiet_13110085Tests */ = {
			isa = PBXGroup;
			children = (
				2E2F3DF31EB9EB26005A43C0 /* ManagerEventCollectionView_Kiet_13110085Tests.swift */,
				2E2F3DF51EB9EB26005A43C0 /* Info.plist */,
			);
			path = ManagerEventCollectionView_Kiet_13110085Tests;
			sourceTree = "<group>";
		};
		2E2F3DFD1EB9EB26005A43C0 /* ManagerEventCollectionView_Kiet_13110085UITests */ = {
			isa = PBXGroup;
			children = (
				2E2F3DFE1EB9EB26005A43C0 /* ManagerEventCollectionView_Kiet_13110085UITests.swift */,
				2E2F3E001EB9EB26005A43C0 /* Info.plist */,
			);
			path = ManagerEventCollectionView_Kiet_13110085UITests;
			sourceTree = "<group>";
		};
/* End PBXGroup section */

/* Begin PBXNativeTarget section */
		2E2F3DDA1EB9EB26005A43C0 /* ManagerEventCollectionView_Kiet_13110085 */ = {
			isa = PBXNativeTarget;
			buildConfigurationList = 2E2F3E031EB9EB26005A43C0 /* Build configuration list for PBXNativeTarget "ManagerEventCollectionView_Kiet_13110085" */;
			buildPhases = (
				2E2F3DD71EB9EB26005A43C0 /* Sources */,
				2E2F3DD81EB9EB26005A43C0 /* Frameworks */,
				2E2F3DD91EB9EB26005A43C0 /* Resources */,
			);
			buildRules = (
			);
			dependencies = (
			);
			name = ManagerEventCollectionView_Kiet_13110085;
			productName = ManagerEventCollectionView_Kiet_13110085;
			productReference = 2E2F3DDB1EB9EB26005A43C0 /* ManagerEventCollectionView_Kiet_13110085.app */;
			productType = "com.apple.product-type.application";
		};
		2E2F3DEE1EB9EB26005A43C0 /* ManagerEventCollectionView_Kiet_13110085Tests */ = {
			isa = PBXNativeTarget;
			buildConfigurationList = 2E2F3E061EB9EB26005A43C0 /* Build configuration list for PBXNativeTarget "ManagerEventCollectionView_Kiet_13110085Tests" */;
			buildPhases = (
				2E2F3DEB1EB9EB26005A43C0 /* Sources */,
				2E2F3DEC1EB9EB26005A43C0 /* Frameworks */,
				2E2F3DED1EB9EB26005A43C0 /* Resources */,
			);
			buildRules = (
			);
			dependencies = (
				2E2F3DF11EB9EB26005A43C0 /* PBXTargetDependency */,
			);
			name = ManagerEventCollectionView_Kiet_13110085Tests;
			productName = ManagerEventCollectionView_Kiet_13110085Tests;
			productReference = 2E2F3DEF1EB9EB26005A43C0 /* ManagerEventCollectionView_Kiet_13110085Tests.xctest */;
			productType = "com.apple.product-type.bundle.unit-test";
		};
		2E2F3DF91EB9EB26005A43C0 /* ManagerEventCollectionView_Kiet_13110085UITests */ = {
			isa = PBXNativeTarget;
			buildConfigurationList = 2E2F3E091EB9EB26005A43C0 /* Build configuration list for PBXNativeTarget "ManagerEventCollectionView_Kiet_13110085UITests" */;
			buildPhases = (
				2E2F3DF61EB9EB26005A43C0 /* Sources */,
				2E2F3DF71EB9EB26005A43C0 /* Frameworks */,
				2E2F3DF81EB9EB26005A43C0 /* Resources */,
			);
			buildRules = (
			);
			dependencies = (
				2E2F3DFC1EB9EB26005A43C0 /* PBXTargetDependency */,
			);
			name = ManagerEventCollectionView_Kiet_13110085UITests;
			productName = ManagerEventCollectionView_Kiet_13110085UITests;
			productReference = 2E2F3DFA1EB9EB26005A43C0 /* ManagerEventCollectionView_Kiet_13110085UITests.xctest */;
			productType = "com.apple.product-type.bundle.ui-testing";
		};
/* End PBXNativeTarget section */

/* Begin PBXProject section */
		2E2F3DD31EB9EB26005A43C0 /* Project object */ = {
			isa = PBXProject;
			attributes = {
				LastSwiftUpdateCheck = 0830;
				LastUpgradeCheck = 0830;
				ORGANIZATIONNAME = "Kiet Nguyen";
				TargetAttributes = {
					2E2F3DDA1EB9EB26005A43C0 = {
						CreatedOnToolsVersion = 8.3.2;
						ProvisioningStyle = Automatic;
					};
					2E2F3DEE1EB9EB26005A43C0 = {
						CreatedOnToolsVersion = 8.3.2;
						ProvisioningStyle = Automatic;
						TestTargetID = 2E2F3DDA1EB9EB26005A43C0;
					};
					2E2F3DF91EB9EB26005A43C0 = {
						CreatedOnToolsVersion = 8.3.2;
						ProvisioningStyle = Automatic;
						TestTargetID = 2E2F3DDA1EB9EB26005A43C0;
					};
				};
			};
			buildConfigurationList = 2E2F3DD61EB9EB26005A43C0 /* Build configuration list for PBXProject "ManagerEventCollectionView_Kiet_13110085" */;
			compatibilityVersion = "Xcode 3.2";
			developmentRegion = English;
			hasScannedForEncodings = 0;
			knownRegions = (
				en,
				Base,
			);
			mainGroup = 2E2F3DD21EB9EB26005A43C0;
			productRefGroup = 2E2F3DDC1EB9EB26005A43C0 /* Products */;
			projectDirPath = "";
			projectRoot = "";
			targets = (
				2E2F3DDA1EB9EB26005A43C0 /* ManagerEventCollectionView_Kiet_13110085 */,
				2E2F3DEE1EB9EB26005A43C0 /* ManagerEventCollectionView_Kiet_13110085Tests */,
				2E2F3DF91EB9EB26005A43C0 /* ManagerEventCollectionView_Kiet_13110085UITests */,
			);
		};
/* End PBXProject section */

/* Begin PBXResourcesBuildPhase section */
		2E2F3DD91EB9EB26005A43C0 /* Resources */ = {
			isa = PBXResourcesBuildPhase;
			buildActionMask = 2147483647;
			files = (
				2E2F3DE91EB9EB26005A43C0 /* LaunchScreen.storyboard in Resources */,
				2E2F3DE61EB9EB26005A43C0 /* Assets.xcassets in Resources */,
				2E2F3DE41EB9EB26005A43C0 /* Main.storyboard in Resources */,
			);
			runOnlyForDeploymentPostprocessing = 0;
		};
		2E2F3DED1EB9EB26005A43C0 /* Resources */ = {
			isa = PBXResourcesBuildPhase;
			buildActionMask = 2147483647;
			files = (
			);
			runOnlyForDeploymentPostprocessing = 0;
		};
		2E2F3DF81EB9EB26005A43C0 /* Resources */ = {
			isa = PBXResourcesBuildPhase;
			buildActionMask = 2147483647;
			files = (
			);
			runOnlyForDeploymentPostprocessing = 0;
		};
/* End PBXResourcesBuildPhase section */

/* Begin PBXSourcesBuildPhase section */
		2E2F3DD71EB9EB26005A43C0 /* Sources */ = {
			isa = PBXSourcesBuildPhase;
			buildActionMask = 2147483647;
			files = (
				2E2F3DE11EB9EB26005A43C0 /* ViewController.swift in Sources */,
				2E2F3DDF1EB9EB26005A43C0 /* AppDelegate.swift in Sources */,
			);
			runOnlyForDeploymentPostprocessing = 0;
		};
		2E2F3DEB1EB9EB26005A43C0 /* Sources */ = {
			isa = PBXSourcesBuildPhase;
			buildActionMask = 2147483647;
			files = (
				2E2F3DF41EB9EB26005A43C0 /* ManagerEventCollectionView_Kiet_13110085Tests.swift in Sources */,
			);
			runOnlyForDeploymentPostprocessing = 0;
		};
		2E2F3DF61EB9EB26005A43C0 /* Sources */ = {
			isa = PBXSourcesBuildPhase;
			buildActionMask = 2147483647;
			files = (
				2E2F3DFF1EB9EB26005A43C0 /* ManagerEventCollectionView_Kiet_13110085UITests.swift in Sources */,
			);
			runOnlyForDeploymentPostprocessing = 0;
		};
/* End PBXSourcesBuildPhase section */

/* Begin PBXTargetDependency section */
		2E2F3DF11EB9EB26005A43C0 /* PBXTargetDependency */ = {
			isa = PBXTargetDependency;
			target = 2E2F3DDA1EB9EB26005A43C0 /* ManagerEventCollectionView_Kiet_13110085 */;
			targetProxy = 2E2F3DF01EB9EB26005A43C0 /* PBXContainerItemProxy */;
		};
		2E2F3DFC1EB9EB26005A43C0 /* PBXTargetDependency */ = {
			isa = PBXTargetDependency;
			target = 2E2F3DDA1EB9EB26005A43C0 /* ManagerEventCollectionView_Kiet_13110085 */;
			targetProxy = 2E2F3DFB1EB9EB26005A43C0 /* PBXContainerItemProxy */;
		};
/* End PBXTargetDependency section */

/* Begin PBXVariantGroup section */
		2E2F3DE21EB9EB26005A43C0 /* Main.storyboard */ = {
			isa = PBXVariantGroup;
			children = (
				2E2F3DE31EB9EB26005A43C0 /* Base */,
			);
			name = Main.storyboard;
			sourceTree = "<group>";
		};
		2E2F3DE71EB9EB26005A43C0 /* LaunchScreen.storyboard */ = {
			isa = PBXVariantGroup;
			children = (
				2E2F3DE81EB9EB26005A43C0 /* Base */,
			);
			name = LaunchScreen.storyboard;
			sourceTree = "<group>";
		};
/* End PBXVariantGroup section */

/* Begin XCBuildConfiguration section */
		2E2F3E011EB9EB26005A43C0 /* Debug */ = {
			isa = XCBuildConfiguration;
			buildSettings = {
				ALWAYS_SEARCH_USER_PATHS = NO;
				CLANG_ANALYZER_NONNULL = YES;
				CLANG_ANALYZER_NUMBER_OBJECT_CONVERSION = YES_AGGRESSIVE;
				CLANG_CXX_LANGUAGE_STANDARD = "gnu++0x";
				CLANG_CXX_LIBRARY = "libc++";
				CLANG_ENABLE_MODULES = YES;
				CLANG_ENABLE_OBJC_ARC = YES;
				CLANG_WARN_BOOL_CONVERSION = YES;
				CLANG_WARN_CONSTANT_CONVERSION = YES;
				CLANG_WARN_DIRECT_OBJC_ISA_USAGE = YES_ERROR;
				CLANG_WARN_DOCUMENTATION_COMMENTS = YES;
				CLANG_WARN_EMPTY_BODY = YES;
				CLANG_WARN_ENUM_CONVERSION = YES;
				CLANG_WARN_INFINITE_RECURSION = YES;
				CLANG_WARN_INT_CONVERSION = YES;
				CLANG_WARN_OBJC_ROOT_CLASS = YES_ERROR;
				CLANG_WARN_SUSPICIOUS_MOVE = YES;
				CLANG_WARN_UNREACHABLE_CODE = YES;
				CLANG_WARN__DUPLICATE_METHOD_MATCH = YES;
				"CODE_SIGN_IDENTITY[sdk=iphoneos*]" = "iPhone Developer";
				COPY_PHASE_STRIP = NO;
				DEBUG_INFORMATION_FORMAT = dwarf;
				ENABLE_STRICT_OBJC_MSGSEND = YES;
				ENABLE_TESTABILITY = YES;
				GCC_C_LANGUAGE_STANDARD = gnu99;
				GCC_DYNAMIC_NO_PIC = NO;
				GCC_NO_COMMON_BLOCKS = YES;
				GCC_OPTIMIZATION_LEVEL = 0;
				GCC_PREPROCESSOR_DEFINITIONS = (
					"DEBUG=1",
					"$(inherited)",
				);
				GCC_WARN_64_TO_32_BIT_CONVERSION = YES;
				GCC_WARN_ABOUT_RETURN_TYPE = YES_ERROR;
				GCC_WARN_UNDECLARED_SELECTOR = YES;
				GCC_WARN_UNINITIALIZED_AUTOS = YES_AGGRESSIVE;
				GCC_WARN_UNUSED_FUNCTION = YES;
				GCC_WARN_UNUSED_VARIABLE = YES;
				IPHONEOS_DEPLOYMENT_TARGET = 10.3;
				MTL_ENABLE_DEBUG_INFO = YES;
				ONLY_ACTIVE_ARCH = YES;
				SDKROOT = iphoneos;
				SWIFT_ACTIVE_COMPILATION_CONDITIONS = DEBUG;
				SWIFT_OPTIMIZATION_LEVEL = "-Onone";
				TARGETED_DEVICE_FAMILY = "1,2";
			};
			name = Debug;
		};
		2E2F3E021EB9EB26005A43C0 /* Release */ = {
			isa = XCBuildConfiguration;
			buildSettings = {
				ALWAYS_SEARCH_USER_PATHS = NO;
				CLANG_ANALYZER_NONNULL = YES;
				CLANG_ANALYZER_NUMBER_OBJECT_CONVERSION = YES_AGGRESSIVE;
				CLANG_CXX_LANGUAGE_STANDARD = "gnu++0x";
				CLANG_CXX_LIBRARY = "libc++";
				CLANG_ENABLE_MODULES = YES;
				CLANG_ENABLE_OBJC_ARC = YES;
				CLANG_WARN_BOOL_CONVERSION = YES;
				CLANG_WARN_CONSTANT_CONVERSION = YES;
				CLANG_WARN_DIRECT_OBJC_ISA_USAGE = YES_ERROR;
				CLANG_WARN_DOCUMENTATION_COMMENTS = YES;
				CLANG_WARN_EMPTY_BODY = YES;
				CLANG_WARN_ENUM_CONVERSION = YES;
				CLANG_WARN_INFINITE_RECURSION = YES;
				CLANG_WARN_INT_CONVERSION = YES;
				CLANG_WARN_OBJC_ROOT_CLASS = YES_ERROR;
				CLANG_WARN_SUSPICIOUS_MOVE = YES;
				CLANG_WARN_UNREACHABLE_CODE = YES;
				CLANG_WARN__DUPLICATE_METHOD_MATCH = YES;
				"CODE_SIGN_IDENTITY[sdk=iphoneos*]" = "iPhone Developer";
				COPY_PHASE_STRIP = NO;
				DEBUG_INFORMATION_FORMAT = "dwarf-with-dsym";
				ENABLE_NS_ASSERTIONS = NO;
				ENABLE_STRICT_OBJC_MSGSEND = YES;
				GCC_C_LANGUAGE_STANDARD = gnu99;
				GCC_NO_COMMON_BLOCKS = YES;
				GCC_WARN_64_TO_32_BIT_CONVERSION = YES;
				GCC_WARN_ABOUT_RETURN_TYPE = YES_ERROR;
				GCC_WARN_UNDECLARED_SELECTOR = YES;
				GCC_WARN_UNINITIALIZED_AUTOS = YES_AGGRESSIVE;
				GCC_WARN_UNUSED_FUNCTION = YES;
				GCC_WARN_UNUSED_VARIABLE = YES;
				IPHONEOS_DEPLOYMENT_TARGET = 10.3;
				MTL_ENABLE_DEBUG_INFO = NO;
				SDKROOT = iphoneos;
				SWIFT_OPTIMIZATION_LEVEL = "-Owholemodule";
				TARGETED_DEVICE_FAMILY = "1,2";
				VALIDATE_PRODUCT = YES;
			};
			name = Release;
		};
		2E2F3E041EB9EB26005A43C0 /* Debug */ = {
			isa = XCBuildConfiguration;
			buildSettings = {
				ASSETCATALOG_COMPILER_APPICON_NAME = AppIcon;
				INFOPLIST_FILE = ManagerEventCollectionView_Kiet_13110085/Info.plist;
				LD_RUNPATH_SEARCH_PATHS = "$(inherited) @executable_path/Frameworks";
				PRODUCT_BUNDLE_IDENTIFIER = "Group-9---iOSUTE.ManagerEventCollectionView-Kiet-13110085";
				PRODUCT_NAME = "$(TARGET_NAME)";
				SWIFT_VERSION = 3.0;
			};
			name = Debug;
		};
		2E2F3E051EB9EB26005A43C0 /* Release */ = {
			isa = XCBuildConfiguration;
			buildSettings = {
				ASSETCATALOG_COMPILER_APPICON_NAME = AppIcon;
				INFOPLIST_FILE = ManagerEventCollectionView_Kiet_13110085/Info.plist;
				LD_RUNPATH_SEARCH_PATHS = "$(inherited) @executable_path/Frameworks";
				PRODUCT_BUNDLE_IDENTIFIER = "Group-9---iOSUTE.ManagerEventCollectionView-Kiet-13110085";
				PRODUCT_NAME = "$(TARGET_NAME)";
				SWIFT_VERSION = 3.0;
			};
			name = Release;
		};
		2E2F3E071EB9EB26005A43C0 /* Debug */ = {
			isa = XCBuildConfiguration;
			buildSettings = {
				ALWAYS_EMBED_SWIFT_STANDARD_LIBRARIES = YES;
				BUNDLE_LOADER = "$(TEST_HOST)";
				INFOPLIST_FILE = ManagerEventCollectionView_Kiet_13110085Tests/Info.plist;
				LD_RUNPATH_SEARCH_PATHS = "$(inherited) @executable_path/Frameworks @loader_path/Frameworks";
				PRODUCT_BUNDLE_IDENTIFIER = "Group-9---iOSUTE.ManagerEventCollectionView-Kiet-13110085Tests";
				PRODUCT_NAME = "$(TARGET_NAME)";
				SWIFT_VERSION = 3.0;
				TEST_HOST = "$(BUILT_PRODUCTS_DIR)/ManagerEventCollectionView_Kiet_13110085.app/ManagerEventCollectionView_Kiet_13110085";
			};
			name = Debug;
		};
		2E2F3E081EB9EB26005A43C0 /* Release */ = {
			isa = XCBuildConfiguration;
			buildSettings = {
				ALWAYS_EMBED_SWIFT_STANDARD_LIBRARIES = YES;
				BUNDLE_LOADER = "$(TEST_HOST)";
				INFOPLIST_FILE = ManagerEventCollectionView_Kiet_13110085Tests/Info.plist;
				LD_RUNPATH_SEARCH_PATHS = "$(inherited) @executable_path/Frameworks @loader_path/Frameworks";
				PRODUCT_BUNDLE_IDENTIFIER = "Group-9---iOSUTE.ManagerEventCollectionView-Kiet-13110085Tests";
				PRODUCT_NAME = "$(TARGET_NAME)";
				SWIFT_VERSION = 3.0;
				TEST_HOST = "$(BUILT_PRODUCTS_DIR)/ManagerEventCollectionView_Kiet_13110085.app/ManagerEventCollectionView_Kiet_13110085";
			};
			name = Release;
		};
		2E2F3E0A1EB9EB26005A43C0 /* Debug */ = {
			isa = XCBuildConfiguration;
			buildSettings = {
				ALWAYS_EMBED_SWIFT_STANDARD_LIBRARIES = YES;
				INFOPLIST_FILE = ManagerEventCollectionView_Kiet_13110085UITests/Info.plist;
				LD_RUNPATH_SEARCH_PATHS = "$(inherited) @executable_path/Frameworks @loader_path/Frameworks";
				PRODUCT_BUNDLE_IDENTIFIER = "Group-9---iOSUTE.ManagerEventCollectionView-Kiet-13110085UITests";
				PRODUCT_NAME = "$(TARGET_NAME)";
				SWIFT_VERSION = 3.0;
				TEST_TARGET_NAME = ManagerEventCollectionView_Kiet_13110085;
			};
			name = Debug;
		};
		2E2F3E0B1EB9EB26005A43C0 /* Release */ = {
			isa = XCBuildConfiguration;
			buildSettings = {
				ALWAYS_EMBED_SWIFT_STANDARD_LIBRARIES = YES;
				INFOPLIST_FILE = ManagerEventCollectionView_Kiet_13110085UITests/Info.plist;
				LD_RUNPATH_SEARCH_PATHS = "$(inherited) @executable_path/Frameworks @loader_path/Frameworks";
				PRODUCT_BUNDLE_IDENTIFIER = "Group-9---iOSUTE.ManagerEventCollectionView-Kiet-13110085UITests";
				PRODUCT_NAME = "$(TARGET_NAME)";
				SWIFT_VERSION = 3.0;
				TEST_TARGET_NAME = ManagerEventCollectionView_Kiet_13110085;
			};
			name = Release;
		};
/* End XCBuildConfiguration section */

/* Begin XCConfigurationList section */
		2E2F3DD61EB9EB26005A43C0 /* Build configuration list for PBXProject "ManagerEventCollectionView_Kiet_13110085" */ = {
			isa = XCConfigurationList;
			buildConfigurations = (
				2E2F3E011EB9EB26005A43C0 /* Debug */,
				2E2F3E021EB9EB26005A43C0 /* Release */,
			);
			defaultConfigurationIsVisible = 0;
			defaultConfigurationName = Release;
		};
		2E2F3E031EB9EB26005A43C0 /* Build configuration list for PBXNativeTarget "ManagerEventCollectionView_Kiet_13110085" */ = {
			isa = XCConfigurationList;
			buildConfigurations = (
				2E2F3E041EB9EB26005A43C0 /* Debug */,
				2E2F3E051EB9EB26005A43C0 /* Release */,
			);
			defaultConfigurationIsVisible = 0;
		};
		2E2F3E061EB9EB26005A43C0 /* Build configuration list for PBXNativeTarget "ManagerEventCollectionView_Kiet_13110085Tests" */ = {
			isa = XCConfigurationList;
			buildConfigurations = (
				2E2F3E071EB9EB26005A43C0 /* Debug */,
				2E2F3E081EB9EB26005A43C0 /* Release */,
			);
			defaultConfigurationIsVisible = 0;
		};
		2E2F3E091EB9EB26005A43C0 /* Build configuration list for PBXNativeTarget "ManagerEventCollectionView_Kiet_13110085UITests" */ = {
			isa = XCConfigurationList;
			buildConfigurations = (
				2E2F3E0A1EB9EB26005A43C0 /* Debug */,
				2E2F3E0B1EB9EB26005A43C0 /* Release */,
			);
			defaultConfigurationIsVisible = 0;
		};
/* End XCConfigurationList section */
	};
	rootObject = 2E2F3DD31EB9EB26005A43C0 /* Project object */;
}
